// !$*UTF8*$!
{
	archiveVersion = 1;
	classes = {
	};
	objectVersion = 46;
	objects = {

/* Begin PBXBuildFile section */
		EB16D8051EFAB5F7000B3473 /* main.m in Sources */ = {isa = PBXBuildFile; fileRef = EB16D8041EFAB5F7000B3473 /* main.m */; };
		EB16D8081EFAB5F7000B3473 /* AppDelegate.m in Sources */ = {isa = PBXBuildFile; fileRef = EB16D8071EFAB5F7000B3473 /* AppDelegate.m */; };
		EB16D80B1EFAB5F7000B3473 /* ViewController.m in Sources */ = {isa = PBXBuildFile; fileRef = EB16D80A1EFAB5F7000B3473 /* ViewController.m */; };
		EB16D80E1EFAB5F7000B3473 /* Main.storyboard in Resources */ = {isa = PBXBuildFile; fileRef = EB16D80C1EFAB5F7000B3473 /* Main.storyboard */; };
		EB16D8101EFAB5F7000B3473 /* Assets.xcassets in Resources */ = {isa = PBXBuildFile; fileRef = EB16D80F1EFAB5F7000B3473 /* Assets.xcassets */; };
		EB16D8131EFAB5F7000B3473 /* LaunchScreen.storyboard in Resources */ = {isa = PBXBuildFile; fileRef = EB16D8111EFAB5F7000B3473 /* LaunchScreen.storyboard */; };
		EB16D81E1EFAB5F8000B3473 /* MindGameTests.m in Sources */ = {isa = PBXBuildFile; fileRef = EB16D81D1EFAB5F8000B3473 /* MindGameTests.m */; };
		EB16D8291EFAB5F8000B3473 /* MindGameUITests.m in Sources */ = {isa = PBXBuildFile; fileRef = EB16D8281EFAB5F8000B3473 /* MindGameUITests.m */; };
/* End PBXBuildFile section */

/* Begin PBXContainerItemProxy section */
		EB16D81A1EFAB5F8000B3473 /* PBXContainerItemProxy */ = {
			isa = PBXContainerItemProxy;
			containerPortal = EB16D7F81EFAB5F7000B3473 /* Project object */;
			proxyType = 1;
			remoteGlobalIDString = EB16D7FF1EFAB5F7000B3473;
			remoteInfo = MindGame;
		};
		EB16D8251EFAB5F8000B3473 /* PBXContainerItemProxy */ = {
			isa = PBXContainerItemProxy;
			containerPortal = EB16D7F81EFAB5F7000B3473 /* Project object */;
			proxyType = 1;
			remoteGlobalIDString = EB16D7FF1EFAB5F7000B3473;
			remoteInfo = MindGame;
		};
/* End PBXContainerItemProxy section */

/* Begin PBXFileReference section */
		EB16D8001EFAB5F7000B3473 /* MindGame.app */ = {isa = PBXFileReference; explicitFileType = wrapper.application; includeInIndex = 0; path = MindGame.app; sourceTree = BUILT_PRODUCTS_DIR; };
		EB16D8041EFAB5F7000B3473 /* main.m */ = {isa = PBXFileReference; lastKnownFileType = sourcecode.c.objc; path = main.m; sourceTree = "<group>"; };
		EB16D8061EFAB5F7000B3473 /* AppDelegate.h */ = {isa = PBXFileReference; lastKnownFileType = sourcecode.c.h; path = AppDelegate.h; sourceTree = "<group>"; };
		EB16D8071EFAB5F7000B3473 /* AppDelegate.m */ = {isa = PBXFileReference; lastKnownFileType = sourcecode.c.objc; path = AppDelegate.m; sourceTree = "<group>"; };
		EB16D8091EFAB5F7000B3473 /* ViewController.h */ = {isa = PBXFileReference; lastKnownFileType = sourcecode.c.h; path = ViewController.h; sourceTree = "<group>"; };
		EB16D80A1EFAB5F7000B3473 /* ViewController.m */ = {isa = PBXFileReference; lastKnownFileType = sourcecode.c.objc; path = ViewController.m; sourceTree = "<group>"; };
		EB16D80D1EFAB5F7000B3473 /* Base */ = {isa = PBXFileReference; lastKnownFileType = file.storyboard; name = Base; path = Base.lproj/Main.storyboard; sourceTree = "<group>"; };
		EB16D80F1EFAB5F7000B3473 /* Assets.xcassets */ = {isa = PBXFileReference; lastKnownFileType = folder.assetcatalog; path = Assets.xcassets; sourceTree = "<group>"; };
		EB16D8121EFAB5F7000B3473 /* Base */ = {isa = PBXFileReference; lastKnownFileType = file.storyboard; name = Base; path = Base.lproj/LaunchScreen.storyboard; sourceTree = "<group>"; };
		EB16D8141EFAB5F7000B3473 /* Info.plist */ = {isa = PBXFileReference; lastKnownFileType = text.plist.xml; path = Info.plist; sourceTree = "<group>"; };
		EB16D8191EFAB5F8000B3473 /* MindGameTests.xctest */ = {isa = PBXFileReference; explicitFileType = wrapper.cfbundle; includeInIndex = 0; path = MindGameTests.xctest; sourceTree = BUILT_PRODUCTS_DIR; };
		EB16D81D1EFAB5F8000B3473 /* MindGameTests.m */ = {isa = PBXFileReference; lastKnownFileType = sourcecode.c.objc; path = MindGameTests.m; sourceTree = "<group>"; };
		EB16D81F1EFAB5F8000B3473 /* Info.plist */ = {isa = PBXFileReference; lastKnownFileType = text.plist.xml; path = Info.plist; sourceTree = "<group>"; };
		EB16D8241EFAB5F8000B3473 /* MindGameUITests.xctest */ = {isa = PBXFileReference; explicitFileType = wrapper.cfbundle; includeInIndex = 0; path = MindGameUITests.xctest; sourceTree = BUILT_PRODUCTS_DIR; };
		EB16D8281EFAB5F8000B3473 /* MindGameUITests.m */ = {isa = PBXFileReference; lastKnownFileType = sourcecode.c.objc; path = MindGameUITests.m; sourceTree = "<group>"; };
		EB16D82A1EFAB5F8000B3473 /* Info.plist */ = {isa = PBXFileReference; lastKnownFileType = text.plist.xml; path = Info.plist; sourceTree = "<group>"; };
/* End PBXFileReference section */

/* Begin PBXFrameworksBuildPhase section */
		EB16D7FD1EFAB5F7000B3473 /* Frameworks */ = {
			isa = PBXFrameworksBuildPhase;
			buildActionMask = 2147483647;
			files = (
			);
			runOnlyForDeploymentPostprocessing = 0;
		};
		EB16D8161EFAB5F8000B3473 /* Frameworks */ = {
			isa = PBXFrameworksBuildPhase;
			buildActionMask = 2147483647;
			files = (
			);
			runOnlyForDeploymentPostprocessing = 0;
		};
		EB16D8211EFAB5F8000B3473 /* Frameworks */ = {
			isa = PBXFrameworksBuildPhase;
			buildActionMask = 2147483647;
			files = (
			);
			runOnlyForDeploymentPostprocessing = 0;
		};
/* End PBXFrameworksBuildPhase section */

/* Begin PBXGroup section */
		EB16D7F71EFAB5F7000B3473 = {
			isa = PBXGroup;
			children = (
				EB16D8021EFAB5F7000B3473 /* MindGame */,
				EB16D81C1EFAB5F8000B3473 /* MindGameTests */,
				EB16D8271EFAB5F8000B3473 /* MindGameUITests */,
				EB16D8011EFAB5F7000B3473 /* Products */,
			);
			sourceTree = "<group>";
		};
		EB16D8011EFAB5F7000B3473 /* Products */ = {
			isa = PBXGroup;
			children = (
				EB16D8001EFAB5F7000B3473 /* MindGame.app */,
				EB16D8191EFAB5F8000B3473 /* MindGameTests.xctest */,
				EB16D8241EFAB5F8000B3473 /* MindGameUITests.xctest */,
			);
			name = Products;
			sourceTree = "<group>";
		};
		EB16D8021EFAB5F7000B3473 /* MindGame */ = {
			isa = PBXGroup;
			children = (
				EB16D8061EFAB5F7000B3473 /* AppDelegate.h */,
				EB16D8071EFAB5F7000B3473 /* AppDelegate.m */,
				EB16D8091EFAB5F7000B3473 /* ViewController.h */,
				EB16D80A1EFAB5F7000B3473 /* ViewController.m */,
				EB16D80C1EFAB5F7000B3473 /* Main.storyboard */,
				EB16D80F1EFAB5F7000B3473 /* Assets.xcassets */,
				EB16D8111EFAB5F7000B3473 /* LaunchScreen.storyboard */,
				EB16D8141EFAB5F7000B3473 /* Info.plist */,
				EB16D8031EFAB5F7000B3473 /* Supporting Files */,
			);
			path = MindGame;
			sourceTree = "<group>";
		};
		EB16D8031EFAB5F7000B3473 /* Supporting Files */ = {
			isa = PBXGroup;
			children = (
				EB16D8041EFAB5F7000B3473 /* main.m */,
			);
			name = "Supporting Files";
			sourceTree = "<group>";
		};
		EB16D81C1EFAB5F8000B3473 /* MindGameTests */ = {
			isa = PBXGroup;
			children = (
				EB16D81D1EFAB5F8000B3473 /* MindGameTests.m */,
				EB16D81F1EFAB5F8000B3473 /* Info.plist */,
			);
			path = MindGameTests;
			sourceTree = "<group>";
		};
		EB16D8271EFAB5F8000B3473 /* MindGameUITests */ = {
			isa = PBXGroup;
			children = (
				EB16D8281EFAB5F8000B3473 /* MindGameUITests.m */,
				EB16D82A1EFAB5F8000B3473 /* Info.plist */,
			);
			path = MindGameUITests;
			sourceTree = "<group>";
		};
/* End PBXGroup section */

/* Begin PBXNativeTarget section */
		EB16D7FF1EFAB5F7000B3473 /* MindGame */ = {
			isa = PBXNativeTarget;
			buildConfigurationList = EB16D82D1EFAB5F8000B3473 /* Build configuration list for PBXNativeTarget "MindGame" */;
			buildPhases = (
				EB16D7FC1EFAB5F7000B3473 /* Sources */,
				EB16D7FD1EFAB5F7000B3473 /* Frameworks */,
				EB16D7FE1EFAB5F7000B3473 /* Resources */,
			);
			buildRules = (
			);
			dependencies = (
			);
			name = MindGame;
			productName = MindGame;
			productReference = EB16D8001EFAB5F7000B3473 /* MindGame.app */;
			productType = "com.apple.product-type.application";
		};
		EB16D8181EFAB5F8000B3473 /* MindGameTests */ = {
			isa = PBXNativeTarget;
			buildConfigurationList = EB16D8301EFAB5F8000B3473 /* Build configuration list for PBXNativeTarget "MindGameTests" */;
			buildPhases = (
				EB16D8151EFAB5F8000B3473 /* Sources */,
				EB16D8161EFAB5F8000B3473 /* Frameworks */,
				EB16D8171EFAB5F8000B3473 /* Resources */,
			);
			buildRules = (
			);
			dependencies = (
				EB16D81B1EFAB5F8000B3473 /* PBXTargetDependency */,
			);
			name = MindGameTests;
			productName = MindGameTests;
			productReference = EB16D8191EFAB5F8000B3473 /* MindGameTests.xctest */;
			productType = "com.apple.product-type.bundle.unit-test";
		};
		EB16D8231EFAB5F8000B3473 /* MindGameUITests */ = {
			isa = PBXNativeTarget;
			buildConfigurationList = EB16D8331EFAB5F8000B3473 /* Build configuration list for PBXNativeTarget "MindGameUITests" */;
			buildPhases = (
				EB16D8201EFAB5F8000B3473 /* Sources */,
				EB16D8211EFAB5F8000B3473 /* Frameworks */,
				EB16D8221EFAB5F8000B3473 /* Resources */,
			);
			buildRules = (
			);
			dependencies = (
				EB16D8261EFAB5F8000B3473 /* PBXTargetDependency */,
			);
			name = MindGameUITests;
			productName = MindGameUITests;
			productReference = EB16D8241EFAB5F8000B3473 /* MindGameUITests.xctest */;
			productType = "com.apple.product-type.bundle.ui-testing";
		};
/* End PBXNativeTarget section */

/* Begin PBXProject section */
		EB16D7F81EFAB5F7000B3473 /* Project object */ = {
			isa = PBXProject;
			attributes = {
				LastUpgradeCheck = 0830;
				ORGANIZATIONNAME = "Stalin S";
				TargetAttributes = {
					EB16D7FF1EFAB5F7000B3473 = {
						CreatedOnToolsVersion = 8.3.3;
						ProvisioningStyle = Automatic;
					};
					EB16D8181EFAB5F8000B3473 = {
						CreatedOnToolsVersion = 8.3.3;
						ProvisioningStyle = Automatic;
						TestTargetID = EB16D7FF1EFAB5F7000B3473;
					};
					EB16D8231EFAB5F8000B3473 = {
						CreatedOnToolsVersion = 8.3.3;
						ProvisioningStyle = Automatic;
						TestTargetID = EB16D7FF1EFAB5F7000B3473;
					};
				};
			};
			buildConfigurationList = EB16D7FB1EFAB5F7000B3473 /* Build configuration list for PBXProject "MindGame" */;
			compatibilityVersion = "Xcode 3.2";
			developmentRegion = English;
			hasScannedForEncodings = 0;
			knownRegions = (
				en,
				Base,
			);
			mainGroup = EB16D7F71EFAB5F7000B3473;
			productRefGroup = EB16D8011EFAB5F7000B3473 /* Products */;
			projectDirPath = "";
			projectRoot = "";
			targets = (
				EB16D7FF1EFAB5F7000B3473 /* MindGame */,
				EB16D8181EFAB5F8000B3473 /* MindGameTests */,
				EB16D8231EFAB5F8000B3473 /* MindGameUITests */,
			);
		};
/* End PBXProject section */

/* Begin PBXResourcesBuildPhase section */
		EB16D7FE1EFAB5F7000B3473 /* Resources */ = {
			isa = PBXResourcesBuildPhase;
			buildActionMask = 2147483647;
			files = (
				EB16D8131EFAB5F7000B3473 /* LaunchScreen.storyboard in Resources */,
				EB16D8101EFAB5F7000B3473 /* Assets.xcassets in Resources */,
				EB16D80E1EFAB5F7000B3473 /* Main.storyboard in Resources */,
			);
			runOnlyForDeploymentPostprocessing = 0;
		};
		EB16D8171EFAB5F8000B3473 /* Resources */ = {
			isa = PBXResourcesBuildPhase;
			buildActionMask = 2147483647;
			files = (
			);
			runOnlyForDeploymentPostprocessing = 0;
		};
		EB16D8221EFAB5F8000B3473 /* Resources */ = {
			isa = PBXResourcesBuildPhase;
			buildActionMask = 2147483647;
			files = (
			);
			runOnlyForDeploymentPostprocessing = 0;
		};
/* End PBXResourcesBuildPhase section */

/* Begin PBXSourcesBuildPhase section */
		EB16D7FC1EFAB5F7000B3473 /* Sources */ = {
			isa = PBXSourcesBuildPhase;
			buildActionMask = 2147483647;
			files = (
				EB16D80B1EFAB5F7000B3473 /* ViewController.m in Sources */,
				EB16D8081EFAB5F7000B3473 /* AppDelegate.m in Sources */,
				EB16D8051EFAB5F7000B3473 /* main.m in Sources */,
			);
			runOnlyForDeploymentPostprocessing = 0;
		};
		EB16D8151EFAB5F8000B3473 /* Sources */ = {
			isa = PBXSourcesBuildPhase;
			buildActionMask = 2147483647;
			files = (
				EB16D81E1EFAB5F8000B3473 /* MindGameTests.m in Sources */,
			);
			runOnlyForDeploymentPostprocessing = 0;
		};
		EB16D8201EFAB5F8000B3473 /* Sources */ = {
			isa = PBXSourcesBuildPhase;
			buildActionMask = 2147483647;
			files = (
				EB16D8291EFAB5F8000B3473 /* MindGameUITests.m in Sources */,
			);
			runOnlyForDeploymentPostprocessing = 0;
		};
/* End PBXSourcesBuildPhase section */

/* Begin PBXTargetDependency section */
		EB16D81B1EFAB5F8000B3473 /* PBXTargetDependency */ = {
			isa = PBXTargetDependency;
			target = EB16D7FF1EFAB5F7000B3473 /* MindGame */;
			targetProxy = EB16D81A1EFAB5F8000B3473 /* PBXContainerItemProxy */;
		};
		EB16D8261EFAB5F8000B3473 /* PBXTargetDependency */ = {
			isa = PBXTargetDependency;
			target = EB16D7FF1EFAB5F7000B3473 /* MindGame */;
			targetProxy = EB16D8251EFAB5F8000B3473 /* PBXContainerItemProxy */;
		};
/* End PBXTargetDependency section */

/* Begin PBXVariantGroup section */
		EB16D80C1EFAB5F7000B3473 /* Main.storyboard */ = {
			isa = PBXVariantGroup;
			children = (
				EB16D80D1EFAB5F7000B3473 /* Base */,
			);
			name = Main.storyboard;
			sourceTree = "<group>";
		};
		EB16D8111EFAB5F7000B3473 /* LaunchScreen.storyboard */ = {
			isa = PBXVariantGroup;
			children = (
				EB16D8121EFAB5F7000B3473 /* Base */,
			);
			name = LaunchScreen.storyboard;
			sourceTree = "<group>";
		};
/* End PBXVariantGroup section */

/* Begin XCBuildConfiguration section */
		EB16D82B1EFAB5F8000B3473 /* Debug */ = {
			isa = XCBuildConfiguration;
			buildSettings = {
				ALWAYS_SEARCH_USER_PATHS = NO;
				CLANG_ANALYZER_NONNULL = YES;
				CLANG_ANALYZER_NUMBER_OBJECT_CONVERSION = YES_AGGRESSIVE;
				CLANG_CXX_LANGUAGE_STANDARD = "gnu++0x";
				CLANG_CXX_LIBRARY = "libc++";
				CLANG_ENABLE_MODULES = YES;
				CLANG_ENABLE_OBJC_ARC = YES;
				CLANG_WARN_BOOL_CONVERSION = YES;
				CLANG_WARN_CONSTANT_CONVERSION = YES;
				CLANG_WARN_DIRECT_OBJC_ISA_USAGE = YES_ERROR;
				CLANG_WARN_DOCUMENTATION_COMMENTS = YES;
				CLANG_WARN_EMPTY_BODY = YES;
				CLANG_WARN_ENUM_CONVERSION = YES;
				CLANG_WARN_INFINITE_RECURSION = YES;
				CLANG_WARN_INT_CONVERSION = YES;
				CLANG_WARN_OBJC_ROOT_CLASS = YES_ERROR;
				CLANG_WARN_SUSPICIOUS_MOVE = YES;
				CLANG_WARN_UNREACHABLE_CODE = YES;
				CLANG_WARN__DUPLICATE_METHOD_MATCH = YES;
				"CODE_SIGN_IDENTITY[sdk=iphoneos*]" = "iPhone Developer";
				COPY_PHASE_STRIP = NO;
				DEBUG_INFORMATION_FORMAT = dwarf;
				ENABLE_STRICT_OBJC_MSGSEND = YES;
				ENABLE_TESTABILITY = YES;
				GCC_C_LANGUAGE_STANDARD = gnu99;
				GCC_DYNAMIC_NO_PIC = NO;
				GCC_NO_COMMON_BLOCKS = YES;
				GCC_OPTIMIZATION_LEVEL = 0;
				GCC_PREPROCESSOR_DEFINITIONS = (
					"DEBUG=1",
					"$(inherited)",
				);
				GCC_WARN_64_TO_32_BIT_CONVERSION = YES;
				GCC_WARN_ABOUT_RETURN_TYPE = YES_ERROR;
				GCC_WARN_UNDECLARED_SELECTOR = YES;
				GCC_WARN_UNINITIALIZED_AUTOS = YES_AGGRESSIVE;
				GCC_WARN_UNUSED_FUNCTION = YES;
				GCC_WARN_UNUSED_VARIABLE = YES;
				IPHONEOS_DEPLOYMENT_TARGET = 10.3;
				MTL_ENABLE_DEBUG_INFO = YES;
				ONLY_ACTIVE_ARCH = YES;
				SDKROOT = iphoneos;
			};
			name = Debug;
		};
		EB16D82C1EFAB5F8000B3473 /* Release */ = {
			isa = XCBuildConfiguration;
			buildSettings = {
				ALWAYS_SEARCH_USER_PATHS = NO;
				CLANG_ANALYZER_NONNULL = YES;
				CLANG_ANALYZER_NUMBER_OBJECT_CONVERSION = YES_AGGRESSIVE;
				CLANG_CXX_LANGUAGE_STANDARD = "gnu++0x";
				CLANG_CXX_LIBRARY = "libc++";
				CLANG_ENABLE_MODULES = YES;
				CLANG_ENABLE_OBJC_ARC = YES;
				CLANG_WARN_BOOL_CONVERSION = YES;
				CLANG_WARN_CONSTANT_CONVERSION = YES;
				CLANG_WARN_DIRECT_OBJC_ISA_USAGE = YES_ERROR;
				CLANG_WARN_DOCUMENTATION_COMMENTS = YES;
				CLANG_WARN_EMPTY_BODY = YES;
				CLANG_WARN_ENUM_CONVERSION = YES;
				CLANG_WARN_INFINITE_RECURSION = YES;
				CLANG_WARN_INT_CONVERSION = YES;
				CLANG_WARN_OBJC_ROOT_CLASS = YES_ERROR;
				CLANG_WARN_SUSPICIOUS_MOVE = YES;
				CLANG_WARN_UNREACHABLE_CODE = YES;
				CLANG_WARN__DUPLICATE_METHOD_MATCH = YES;
				"CODE_SIGN_IDENTITY[sdk=iphoneos*]" = "iPhone Developer";
				COPY_PHASE_STRIP = NO;
				DEBUG_INFORMATION_FORMAT = "dwarf-with-dsym";
				ENABLE_NS_ASSERTIONS = NO;
				ENABLE_STRICT_OBJC_MSGSEND = YES;
				GCC_C_LANGUAGE_STANDARD = gnu99;
				GCC_NO_COMMON_BLOCKS = YES;
				GCC_WARN_64_TO_32_BIT_CONVERSION = YES;
				GCC_WARN_ABOUT_RETURN_TYPE = YES_ERROR;
				GCC_WARN_UNDECLARED_SELECTOR = YES;
				GCC_WARN_UNINITIALIZED_AUTOS = YES_AGGRESSIVE;
				GCC_WARN_UNUSED_FUNCTION = YES;
				GCC_WARN_UNUSED_VARIABLE = YES;
				IPHONEOS_DEPLOYMENT_TARGET = 10.3;
				MTL_ENABLE_DEBUG_INFO = NO;
				SDKROOT = iphoneos;
				VALIDATE_PRODUCT = YES;
			};
			name = Release;
		};
		EB16D82E1EFAB5F8000B3473 /* Debug */ = {
			isa = XCBuildConfiguration;
			buildSettings = {
				ASSETCATALOG_COMPILER_APPICON_NAME = AppIcon;
				INFOPLIST_FILE = MindGame/Info.plist;
				LD_RUNPATH_SEARCH_PATHS = "$(inherited) @executable_path/Frameworks";
				PRODUCT_BUNDLE_IDENTIFIER = com.stalin.MindGame;
				PRODUCT_NAME = "$(TARGET_NAME)";
			};
			name = Debug;
		};
		EB16D82F1EFAB5F8000B3473 /* Release */ = {
			isa = XCBuildConfiguration;
			buildSettings = {
				ASSETCATALOG_COMPILER_APPICON_NAME = AppIcon;
				INFOPLIST_FILE = MindGame/Info.plist;
				LD_RUNPATH_SEARCH_PATHS = "$(inherited) @executable_path/Frameworks";
				PRODUCT_BUNDLE_IDENTIFIER = com.stalin.MindGame;
				PRODUCT_NAME = "$(TARGET_NAME)";
			};
			name = Release;
		};
		EB16D8311EFAB5F8000B3473 /* Debug */ = {
			isa = XCBuildConfiguration;
			buildSettings = {
				BUNDLE_LOADER = "$(TEST_HOST)";
				INFOPLIST_FILE = MindGameTests/Info.plist;
				LD_RUNPATH_SEARCH_PATHS = "$(inherited) @executable_path/Frameworks @loader_path/Frameworks";
				PRODUCT_BUNDLE_IDENTIFIER = com.stalin.MindGameTests;
				PRODUCT_NAME = "$(TARGET_NAME)";
				TEST_HOST = "$(BUILT_PRODUCTS_DIR)/MindGame.app/MindGame";
			};
			name = Debug;
		};
		EB16D8321EFAB5F8000B3473 /* Release */ = {
			isa = XCBuildConfiguration;
			buildSettings = {
				BUNDLE_LOADER = "$(TEST_HOST)";
				INFOPLIST_FILE = MindGameTests/Info.plist;
				LD_RUNPATH_SEARCH_PATHS = "$(inherited) @executable_path/Frameworks @loader_path/Frameworks";
				PRODUCT_BUNDLE_IDENTIFIER = com.stalin.MindGameTests;
				PRODUCT_NAME = "$(TARGET_NAME)";
				TEST_HOST = "$(BUILT_PRODUCTS_DIR)/MindGame.app/MindGame";
			};
			name = Release;
		};
		EB16D8341EFAB5F8000B3473 /* Debug */ = {
			isa = XCBuildConfiguration;
			buildSettings = {
				INFOPLIST_FILE = MindGameUITests/Info.plist;
				LD_RUNPATH_SEARCH_PATHS = "$(inherited) @executable_path/Frameworks @loader_path/Frameworks";
				PRODUCT_BUNDLE_IDENTIFIER = com.stalin.MindGameUITests;
				PRODUCT_NAME = "$(TARGET_NAME)";
				TEST_TARGET_NAME = MindGame;
			};
			name = Debug;
		};
		EB16D8351EFAB5F8000B3473 /* Release */ = {
			isa = XCBuildConfiguration;
			buildSettings = {
				INFOPLIST_FILE = MindGameUITests/Info.plist;
				LD_RUNPATH_SEARCH_PATHS = "$(inherited) @executable_path/Frameworks @loader_path/Frameworks";
				PRODUCT_BUNDLE_IDENTIFIER = com.stalin.MindGameUITests;
				PRODUCT_NAME = "$(TARGET_NAME)";
				TEST_TARGET_NAME = MindGame;
			};
			name = Release;
		};
/* End XCBuildConfiguration section */

/* Begin XCConfigurationList section */
		EB16D7FB1EFAB5F7000B3473 /* Build configuration list for PBXProject "MindGame" */ = {
			isa = XCConfigurationList;
			buildConfigurations = (
				EB16D82B1EFAB5F8000B3473 /* Debug */,
				EB16D82C1EFAB5F8000B3473 /* Release */,
			);
			defaultConfigurationIsVisible = 0;
			defaultConfigurationName = Release;
		};
		EB16D82D1EFAB5F8000B3473 /* Build configuration list for PBXNativeTarget "MindGame" */ = {
			isa = XCConfigurationList;
			buildConfigurations = (
				EB16D82E1EFAB5F8000B3473 /* Debug */,
				EB16D82F1EFAB5F8000B3473 /* Release */,
			);
			defaultConfigurationIsVisible = 0;
		};
		EB16D8301EFAB5F8000B3473 /* Build configuration list for PBXNativeTarget "MindGameTests" */ = {
			isa = XCConfigurationList;
			buildConfigurations = (
				EB16D8311EFAB5F8000B3473 /* Debug */,
				EB16D8321EFAB5F8000B3473 /* Release */,
			);
			defaultConfigurationIsVisible = 0;
		};
		EB16D8331EFAB5F8000B3473 /* Build configuration list for PBXNativeTarget "MindGameUITests" */ = {
			isa = XCConfigurationList;
			buildConfigurations = (
				EB16D8341EFAB5F8000B3473 /* Debug */,
				EB16D8351EFAB5F8000B3473 /* Release */,
			);
			defaultConfigurationIsVisible = 0;
		};
/* End XCConfigurationList section */
	};
	rootObject = EB16D7F81EFAB5F7000B3473 /* Project object */;
}
